
Microsoft Visual Studio Solution File, Format Version 12.00
# Visual Studio Version 17
VisualStudioVersion = 17.10.34928.147
MinimumVisualStudioVersion = 10.0.40219.1
Project("{FAE04EC0-301F-11D3-BF4B-00C04F79EFBC}") = "Eticaret", "Eticaret\Eticaret.csproj", "{4FB0D35D-7D40-42AB-AFFF-EAECAEF6C8C7}"
EndProject
Global
	GlobalSection(SolutionConfigurationPlatforms) = preSolution
		Debug|Any CPU = Debug|Any CPU
		Release|Any CPU = Release|Any CPU
	EndGlobalSection
	GlobalSection(ProjectConfigurationPlatforms) = postSolution
		{4FB0D35D-7D40-42AB-AFFF-EAECAEF6C8C7}.Debug|Any CPU.ActiveCfg = Debug|Any CPU
		{4FB0D35D-7D40-42AB-AFFF-EAECAEF6C8C7}.Debug|Any CPU.Build.0 = Debug|Any CPU
		{4FB0D35D-7D40-42AB-AFFF-EAECAEF6C8C7}.Release|Any CPU.ActiveCfg = Release|Any CPU
		{4FB0D35D-7D40-42AB-AFFF-EAECAEF6C8C7}.Release|Any CPU.Build.0 = Release|Any CPU
	EndGlobalSection
	GlobalSection(SolutionProperties) = preSolution
		HideSolutionNode = FALSE
	EndGlobalSection
	GlobalSection(ExtensibilityGlobals) = postSolution
		SolutionGuid = {3037048B-1735-43EC-AA9C-BED37B11785B}
	EndGlobalSection
EndGlobal
